
Microsoft Visual Studio Solution File, Format Version 12.00
# Visual Studio Version 17
VisualStudioVersion = 17.6.33829.357
MinimumVisualStudioVersion = 10.0.40219.1
Project("{9A19103F-16F7-4668-BE54-9A1E7A4F7556}") = "MindboxLibrary", "MindboxLibrary\MindboxLibrary.csproj", "{F5FB0D5A-C2BD-4388-B265-C7FC6349864C}"
EndProject
Project("{9A19103F-16F7-4668-BE54-9A1E7A4F7556}") = "MindboxStartUp", "MindboxStartUp\MindboxStartUp.csproj", "{DC657944-CD29-4E69-80D2-A5ADE2880A29}"
EndProject
Project("{FAE04EC0-301F-11D3-BF4B-00C04F79EFBC}") = "MindboxTest", "MindboxTest\MindboxTest.csproj", "{FE4EB905-351E-4A49-905B-EA96C6DD4D89}"
EndProject
Global
	GlobalSection(SolutionConfigurationPlatforms) = preSolution
		Debug|Any CPU = Debug|Any CPU
		Release|Any CPU = Release|Any CPU
	EndGlobalSection
	GlobalSection(ProjectConfigurationPlatforms) = postSolution
		{F5FB0D5A-C2BD-4388-B265-C7FC6349864C}.Debug|Any CPU.ActiveCfg = Debug|Any CPU
		{F5FB0D5A-C2BD-4388-B265-C7FC6349864C}.Debug|Any CPU.Build.0 = Debug|Any CPU
		{F5FB0D5A-C2BD-4388-B265-C7FC6349864C}.Release|Any CPU.ActiveCfg = Release|Any CPU
		{F5FB0D5A-C2BD-4388-B265-C7FC6349864C}.Release|Any CPU.Build.0 = Release|Any CPU
		{DC657944-CD29-4E69-80D2-A5ADE2880A29}.Debug|Any CPU.ActiveCfg = Debug|Any CPU
		{DC657944-CD29-4E69-80D2-A5ADE2880A29}.Debug|Any CPU.Build.0 = Debug|Any CPU
		{DC657944-CD29-4E69-80D2-A5ADE2880A29}.Release|Any CPU.ActiveCfg = Release|Any CPU
		{DC657944-CD29-4E69-80D2-A5ADE2880A29}.Release|Any CPU.Build.0 = Release|Any CPU
		{FE4EB905-351E-4A49-905B-EA96C6DD4D89}.Debug|Any CPU.ActiveCfg = Debug|Any CPU
		{FE4EB905-351E-4A49-905B-EA96C6DD4D89}.Debug|Any CPU.Build.0 = Debug|Any CPU
		{FE4EB905-351E-4A49-905B-EA96C6DD4D89}.Release|Any CPU.ActiveCfg = Release|Any CPU
		{FE4EB905-351E-4A49-905B-EA96C6DD4D89}.Release|Any CPU.Build.0 = Release|Any CPU
	EndGlobalSection
	GlobalSection(SolutionProperties) = preSolution
		HideSolutionNode = FALSE
	EndGlobalSection
	GlobalSection(ExtensibilityGlobals) = postSolution
		SolutionGuid = {5E2D467A-F3F1-4534-B73A-EA959B206187}
	EndGlobalSection
EndGlobal
